
Microsoft Visual Studio Solution File, Format Version 12.00
# Visual Studio Version 17
VisualStudioVersion = 17.1.32210.238
MinimumVisualStudioVersion = 10.0.40219.1
Project("{2150E333-8FDC-42A3-9474-1A3956D46DE8}") = "src", "src", "{CFFB1EB9-6447-4C20-8400-27D7E2B04508}"
EndProject
Project("{2150E333-8FDC-42A3-9474-1A3956D46DE8}") = "tests", "tests", "{1362EA01-9B01-4E17-A8FB-E42730A2AAB1}"
EndProject
Project("{2150E333-8FDC-42A3-9474-1A3956D46DE8}") = "corePackages", "corePackages", "{01B7F227-CE8F-41FD-9AF8-6AF5E5259161}"
EndProject
Project("{2150E333-8FDC-42A3-9474-1A3956D46DE8}") = "demoProjects", "demoProjects", "{84E05683-0E4A-4FB1-8FD4-9F0C509BC74C}"
EndProject
Project("{2150E333-8FDC-42A3-9474-1A3956D46DE8}") = "rentACar", "rentACar", "{9EC21BA4-3216-48E1-81FD-0E0049A6B52B}"
EndProject
Project("{FAE04EC0-301F-11D3-BF4B-00C04F79EFBC}") = "Application", "src\demoProjects\Application\Application.csproj", "{67F98586-1608-49A6-9CBF-BA0832393DB4}"
EndProject
Project("{FAE04EC0-301F-11D3-BF4B-00C04F79EFBC}") = "Domain", "src\demoProjects\Domain\Domain.csproj", "{EFB1DA74-740E-4A39-99BE-7638EC270C98}"
EndProject
Project("{FAE04EC0-301F-11D3-BF4B-00C04F79EFBC}") = "Infrastructure", "src\demoProjects\Infrastructure\Infrastructure.csproj", "{B20ABCAB-AE02-4616-9932-1582BBF5946F}"
EndProject
Project("{FAE04EC0-301F-11D3-BF4B-00C04F79EFBC}") = "Persistence", "src\demoProjects\Persistence\Persistence.csproj", "{EB3F1272-B3EC-481E-89CC-4DB23A7A09D6}"
EndProject
Project("{FAE04EC0-301F-11D3-BF4B-00C04F79EFBC}") = "WebAPI", "src\demoProjects\WebAPI\WebAPI.csproj", "{EA008D06-32DD-4C73-A4D8-C87B589B6DE0}"
EndProject
Global
	GlobalSection(SolutionConfigurationPlatforms) = preSolution
		Debug|Any CPU = Debug|Any CPU
		Release|Any CPU = Release|Any CPU
	EndGlobalSection
	GlobalSection(ProjectConfigurationPlatforms) = postSolution
		{67F98586-1608-49A6-9CBF-BA0832393DB4}.Debug|Any CPU.ActiveCfg = Debug|Any CPU
		{67F98586-1608-49A6-9CBF-BA0832393DB4}.Debug|Any CPU.Build.0 = Debug|Any CPU
		{67F98586-1608-49A6-9CBF-BA0832393DB4}.Release|Any CPU.ActiveCfg = Release|Any CPU
		{67F98586-1608-49A6-9CBF-BA0832393DB4}.Release|Any CPU.Build.0 = Release|Any CPU
		{EFB1DA74-740E-4A39-99BE-7638EC270C98}.Debug|Any CPU.ActiveCfg = Debug|Any CPU
		{EFB1DA74-740E-4A39-99BE-7638EC270C98}.Debug|Any CPU.Build.0 = Debug|Any CPU
		{EFB1DA74-740E-4A39-99BE-7638EC270C98}.Release|Any CPU.ActiveCfg = Release|Any CPU
		{EFB1DA74-740E-4A39-99BE-7638EC270C98}.Release|Any CPU.Build.0 = Release|Any CPU
		{B20ABCAB-AE02-4616-9932-1582BBF5946F}.Debug|Any CPU.ActiveCfg = Debug|Any CPU
		{B20ABCAB-AE02-4616-9932-1582BBF5946F}.Debug|Any CPU.Build.0 = Debug|Any CPU
		{B20ABCAB-AE02-4616-9932-1582BBF5946F}.Release|Any CPU.ActiveCfg = Release|Any CPU
		{B20ABCAB-AE02-4616-9932-1582BBF5946F}.Release|Any CPU.Build.0 = Release|Any CPU
		{EB3F1272-B3EC-481E-89CC-4DB23A7A09D6}.Debug|Any CPU.ActiveCfg = Debug|Any CPU
		{EB3F1272-B3EC-481E-89CC-4DB23A7A09D6}.Debug|Any CPU.Build.0 = Debug|Any CPU
		{EB3F1272-B3EC-481E-89CC-4DB23A7A09D6}.Release|Any CPU.ActiveCfg = Release|Any CPU
		{EB3F1272-B3EC-481E-89CC-4DB23A7A09D6}.Release|Any CPU.Build.0 = Release|Any CPU
		{EA008D06-32DD-4C73-A4D8-C87B589B6DE0}.Debug|Any CPU.ActiveCfg = Debug|Any CPU
		{EA008D06-32DD-4C73-A4D8-C87B589B6DE0}.Debug|Any CPU.Build.0 = Debug|Any CPU
		{EA008D06-32DD-4C73-A4D8-C87B589B6DE0}.Release|Any CPU.ActiveCfg = Release|Any CPU
		{EA008D06-32DD-4C73-A4D8-C87B589B6DE0}.Release|Any CPU.Build.0 = Release|Any CPU
	EndGlobalSection
	GlobalSection(SolutionProperties) = preSolution
		HideSolutionNode = FALSE
	EndGlobalSection
	GlobalSection(NestedProjects) = preSolution
		{01B7F227-CE8F-41FD-9AF8-6AF5E5259161} = {CFFB1EB9-6447-4C20-8400-27D7E2B04508}
		{84E05683-0E4A-4FB1-8FD4-9F0C509BC74C} = {CFFB1EB9-6447-4C20-8400-27D7E2B04508}
		{9EC21BA4-3216-48E1-81FD-0E0049A6B52B} = {84E05683-0E4A-4FB1-8FD4-9F0C509BC74C}
		{67F98586-1608-49A6-9CBF-BA0832393DB4} = {9EC21BA4-3216-48E1-81FD-0E0049A6B52B}
		{EFB1DA74-740E-4A39-99BE-7638EC270C98} = {9EC21BA4-3216-48E1-81FD-0E0049A6B52B}
		{B20ABCAB-AE02-4616-9932-1582BBF5946F} = {9EC21BA4-3216-48E1-81FD-0E0049A6B52B}
		{EB3F1272-B3EC-481E-89CC-4DB23A7A09D6} = {9EC21BA4-3216-48E1-81FD-0E0049A6B52B}
		{EA008D06-32DD-4C73-A4D8-C87B589B6DE0} = {9EC21BA4-3216-48E1-81FD-0E0049A6B52B}
	EndGlobalSection
	GlobalSection(ExtensibilityGlobals) = postSolution
		SolutionGuid = {C127633B-AB1B-43AE-A516-DCF06F13F757}
	EndGlobalSection
EndGlobal
